github.com/bradfitz/gomemcache v0.0.0-20250403215159-8d39553ac7cf h1:TqhNAT4zKbTdLa62d2HDBFdvgSbIGB3eJE8HqhgiL9I=
github.com/bradfitz/gomemcache v0.0.0-20250403215159-8d39553ac7cf/go.mod h1:r5xuitiExdLAJ09PR7vBVENGvp4ZuTBeWTGtxuX3K+c=
github.com/matyas-cyril/cache-file v1.0.0 h1:MVhA5kN9AIxDOuHS6CC6vJgWEU+yM99I6pyp73OJ8rc=
github.com/matyas-cyril/cache-file v1.0.0/go.mod h1:TzJd63UQk5OVe31g9Gpl423OQcGwGi1pTGYxLQ1zt9s=
github.com/matyas-cyril/logme v1.0.2 h1:Lg9o+zgCAUt6e1dd39HPEALmMd1KNXR8ZcjwxR0OZ04=
github.com/matyas-cyril/logme v1.0.2/go.mod h1:EI9ffyNBJKogA+2amnQ+JHxMldwyw6BBzXvoA/L/fFI=
github.com/pelletier/go-toml/v2 v2.2.4 h1:mye9XuhQ6gvn5h28+VilKrrPoQVanw5PMw/TB0t5Ec4=
github.com/pelletier/go-toml/v2 v2.2.4/go.mod h1:2gIqNv+qfxSVS7cM2xJQKtLSTLUE9V8t9Stt+h56mCY=
golang.org/x/exp v0.0.0-20250718183923-645b1fa84792 h1:R9PFI6EUdfVKgwKjZef7QIwGcBKu86OEFpJ9nUEP2l4=
golang.org/x/exp v0.0.0-20250718183923-645b1fa84792/go.mod h1:A+z0yzpGtvnG90cToK5n2tu8UJVP2XUATh+r+sfOOOc=
golang.org/x/exp v0.0.0-20260112195511-716be5621a96 h1:Z/6YuSHTLOHfNFdb8zVZomZr7cqNgTJvA8+Qz75D8gU=
golang.org/x/exp v0.0.0-20260112195511-716be5621a96/go.mod h1:nzimsREAkjBCIEFtHiYkrJyT+2uy9YZJB7H1k68CXZU=
